
Microsoft Visual Studio Solution File, Format Version 12.00
# Visual Studio Version 16
VisualStudioVersion = 16.0.30204.135
MinimumVisualStudioVersion = 10.0.40219.1
Project("{2150E333-8FDC-42A3-9474-1A3956D46DE8}") = "Source", "Source", "{531CD1BD-4F8B-4139-ADA2-A6420CF1B7E7}"
EndProject
Project("{2150E333-8FDC-42A3-9474-1A3956D46DE8}") = "Tests", "Tests", "{A00D38F0-8CA0-4955-8EE5-7DF36C090B5F}"
EndProject
Project("{2150E333-8FDC-42A3-9474-1A3956D46DE8}") = "AcceptanceTests", "AcceptanceTests", "{11CB5B43-1CCF-4E64-BAF2-B3F2D5DC93E8}"
EndProject
Project("{2150E333-8FDC-42A3-9474-1A3956D46DE8}") = "UnitTests", "UnitTests", "{2286D085-1DDB-49AC-928E-0536B7AB58B8}"
EndProject
Project("{9A19103F-16F7-4668-BE54-9A1E7A4F7556}") = "HomeSwap.Host", "Source\Host\HomeSwap.Host\HomeSwap.Host.csproj", "{99B7AF82-1D95-4A5F-9E11-0CDAAA7FE4ED}"
EndProject
Project("{9A19103F-16F7-4668-BE54-9A1E7A4F7556}") = "HomeSwap.PrimaryAdapters.Api", "Source\PrimaryAdapters\Api\HomeSwap.Api\HomeSwap.PrimaryAdapters.Api.csproj", "{092DC24E-2264-4592-9EE6-F24B1DA8864E}"
EndProject
Project("{2150E333-8FDC-42A3-9474-1A3956D46DE8}") = "PrimaryAdapters", "PrimaryAdapters", "{48CF9481-D95C-4998-809F-7046D68B2B89}"
EndProject
Project("{2150E333-8FDC-42A3-9474-1A3956D46DE8}") = "SecondaryAdapters", "SecondaryAdapters", "{C347991B-FBBB-49B7-99BC-0CCA459944C5}"
EndProject
Project("{2150E333-8FDC-42A3-9474-1A3956D46DE8}") = "Api", "Api", "{E002E0B0-7367-4466-8CD9-3D364EB4E2CF}"
EndProject
Project("{9A19103F-16F7-4668-BE54-9A1E7A4F7556}") = "HomeSwap.Api.Tests", "Tests\UnitTests\PrimaryAdapters\Api\HomeSwap.Api.Tests\HomeSwap.Api.Tests.csproj", "{9CE43A81-D776-447B-AFA3-243ADC695F7D}"
EndProject
Project("{2150E333-8FDC-42A3-9474-1A3956D46DE8}") = "2 BusinessModels", "2 BusinessModels", "{BDD46C3C-2502-4790-92A4-E87B30EC0D94}"
EndProject
Project("{2150E333-8FDC-42A3-9474-1A3956D46DE8}") = "3 UseCases", "3 UseCases", "{56470B61-8A65-4795-B9D1-599FBECD1694}"
EndProject
Project("{2150E333-8FDC-42A3-9474-1A3956D46DE8}") = "4 PrimaryAdapters", "4 PrimaryAdapters", "{F0BE6EFE-E311-4B61-B4B5-D45FCB3FB1A2}"
EndProject
Project("{2150E333-8FDC-42A3-9474-1A3956D46DE8}") = "1 Host", "1 Host", "{08ADD891-6811-470B-B263-AE8554F1C0E6}"
EndProject
Project("{2150E333-8FDC-42A3-9474-1A3956D46DE8}") = "Api", "Api", "{050147DA-698D-4897-A55B-8F0D07648A1B}"
EndProject
Project("{9A19103F-16F7-4668-BE54-9A1E7A4F7556}") = "HomeSwap.BusinessModels", "Source\BusinessModels\HomeSwap.Core.Models\HomeSwap.BusinessModels.csproj", "{7DB9A77A-8458-4709-9783-A510BC08E318}"
EndProject
Project("{9A19103F-16F7-4668-BE54-9A1E7A4F7556}") = "HomeSwap.UseCases", "Source\UseCases\HomeSwap.UseCases\HomeSwap.UseCases.csproj", "{3C167A1E-C428-45C3-8899-91622668889B}"
EndProject
Project("{2150E333-8FDC-42A3-9474-1A3956D46DE8}") = "5 SecondaryAdapters", "5 SecondaryAdapters", "{E36982F6-201E-41FC-99BD-B89FB528D6E8}"
EndProject
Project("{FAE04EC0-301F-11D3-BF4B-00C04F79EFBC}") = "HomeSwap.SecondaryAdapters.SqlDatabase", "Source\SecondaryAdapter\SqlDatabase\HomeSwap.SecondaryAdapters.SqlDatabase\HomeSwap.SecondaryAdapters.SqlDatabase.csproj", "{2DE94F8F-C3AD-47C9-8602-8E4E79E33D2B}"
EndProject
Project("{FAE04EC0-301F-11D3-BF4B-00C04F79EFBC}") = "HomeSwap.BusinessModels.Abstractions", "Source\BusinessModels\HomeSwap.BusinessModels.Abstractions\HomeSwap.BusinessModels.Abstractions.csproj", "{8256122F-FC5C-4D20-A66C-632F5BB8BFCC}"
EndProject
Project("{FAE04EC0-301F-11D3-BF4B-00C04F79EFBC}") = "HomeSwap.UseCases.Abstractions", "Source\UseCases\HomeSwap.UseCases.Abstractions\HomeSwap.UseCases.Abstractions.csproj", "{F54B3FFE-8B0D-45B3-84FE-7A83E9A5851F}"
EndProject
Global
	GlobalSection(SolutionConfigurationPlatforms) = preSolution
		Debug|Any CPU = Debug|Any CPU
		Release|Any CPU = Release|Any CPU
	EndGlobalSection
	GlobalSection(ProjectConfigurationPlatforms) = postSolution
		{99B7AF82-1D95-4A5F-9E11-0CDAAA7FE4ED}.Debug|Any CPU.ActiveCfg = Debug|Any CPU
		{99B7AF82-1D95-4A5F-9E11-0CDAAA7FE4ED}.Debug|Any CPU.Build.0 = Debug|Any CPU
		{99B7AF82-1D95-4A5F-9E11-0CDAAA7FE4ED}.Release|Any CPU.ActiveCfg = Release|Any CPU
		{99B7AF82-1D95-4A5F-9E11-0CDAAA7FE4ED}.Release|Any CPU.Build.0 = Release|Any CPU
		{092DC24E-2264-4592-9EE6-F24B1DA8864E}.Debug|Any CPU.ActiveCfg = Debug|Any CPU
		{092DC24E-2264-4592-9EE6-F24B1DA8864E}.Debug|Any CPU.Build.0 = Debug|Any CPU
		{092DC24E-2264-4592-9EE6-F24B1DA8864E}.Release|Any CPU.ActiveCfg = Release|Any CPU
		{092DC24E-2264-4592-9EE6-F24B1DA8864E}.Release|Any CPU.Build.0 = Release|Any CPU
		{9CE43A81-D776-447B-AFA3-243ADC695F7D}.Debug|Any CPU.ActiveCfg = Debug|Any CPU
		{9CE43A81-D776-447B-AFA3-243ADC695F7D}.Debug|Any CPU.Build.0 = Debug|Any CPU
		{9CE43A81-D776-447B-AFA3-243ADC695F7D}.Release|Any CPU.ActiveCfg = Release|Any CPU
		{9CE43A81-D776-447B-AFA3-243ADC695F7D}.Release|Any CPU.Build.0 = Release|Any CPU
		{7DB9A77A-8458-4709-9783-A510BC08E318}.Debug|Any CPU.ActiveCfg = Debug|Any CPU
		{7DB9A77A-8458-4709-9783-A510BC08E318}.Debug|Any CPU.Build.0 = Debug|Any CPU
		{7DB9A77A-8458-4709-9783-A510BC08E318}.Release|Any CPU.ActiveCfg = Release|Any CPU
		{7DB9A77A-8458-4709-9783-A510BC08E318}.Release|Any CPU.Build.0 = Release|Any CPU
		{3C167A1E-C428-45C3-8899-91622668889B}.Debug|Any CPU.ActiveCfg = Debug|Any CPU
		{3C167A1E-C428-45C3-8899-91622668889B}.Debug|Any CPU.Build.0 = Debug|Any CPU
		{3C167A1E-C428-45C3-8899-91622668889B}.Release|Any CPU.ActiveCfg = Release|Any CPU
		{3C167A1E-C428-45C3-8899-91622668889B}.Release|Any CPU.Build.0 = Release|Any CPU
		{2DE94F8F-C3AD-47C9-8602-8E4E79E33D2B}.Debug|Any CPU.ActiveCfg = Debug|Any CPU
		{2DE94F8F-C3AD-47C9-8602-8E4E79E33D2B}.Debug|Any CPU.Build.0 = Debug|Any CPU
		{2DE94F8F-C3AD-47C9-8602-8E4E79E33D2B}.Release|Any CPU.ActiveCfg = Release|Any CPU
		{2DE94F8F-C3AD-47C9-8602-8E4E79E33D2B}.Release|Any CPU.Build.0 = Release|Any CPU
		{8256122F-FC5C-4D20-A66C-632F5BB8BFCC}.Debug|Any CPU.ActiveCfg = Debug|Any CPU
		{8256122F-FC5C-4D20-A66C-632F5BB8BFCC}.Debug|Any CPU.Build.0 = Debug|Any CPU
		{8256122F-FC5C-4D20-A66C-632F5BB8BFCC}.Release|Any CPU.ActiveCfg = Release|Any CPU
		{8256122F-FC5C-4D20-A66C-632F5BB8BFCC}.Release|Any CPU.Build.0 = Release|Any CPU
		{F54B3FFE-8B0D-45B3-84FE-7A83E9A5851F}.Debug|Any CPU.ActiveCfg = Debug|Any CPU
		{F54B3FFE-8B0D-45B3-84FE-7A83E9A5851F}.Debug|Any CPU.Build.0 = Debug|Any CPU
		{F54B3FFE-8B0D-45B3-84FE-7A83E9A5851F}.Release|Any CPU.ActiveCfg = Release|Any CPU
		{F54B3FFE-8B0D-45B3-84FE-7A83E9A5851F}.Release|Any CPU.Build.0 = Release|Any CPU
	EndGlobalSection
	GlobalSection(SolutionProperties) = preSolution
		HideSolutionNode = FALSE
	EndGlobalSection
	GlobalSection(NestedProjects) = preSolution
		{11CB5B43-1CCF-4E64-BAF2-B3F2D5DC93E8} = {A00D38F0-8CA0-4955-8EE5-7DF36C090B5F}
		{2286D085-1DDB-49AC-928E-0536B7AB58B8} = {A00D38F0-8CA0-4955-8EE5-7DF36C090B5F}
		{99B7AF82-1D95-4A5F-9E11-0CDAAA7FE4ED} = {08ADD891-6811-470B-B263-AE8554F1C0E6}
		{092DC24E-2264-4592-9EE6-F24B1DA8864E} = {050147DA-698D-4897-A55B-8F0D07648A1B}
		{48CF9481-D95C-4998-809F-7046D68B2B89} = {2286D085-1DDB-49AC-928E-0536B7AB58B8}
		{C347991B-FBBB-49B7-99BC-0CCA459944C5} = {2286D085-1DDB-49AC-928E-0536B7AB58B8}
		{E002E0B0-7367-4466-8CD9-3D364EB4E2CF} = {48CF9481-D95C-4998-809F-7046D68B2B89}
		{9CE43A81-D776-447B-AFA3-243ADC695F7D} = {E002E0B0-7367-4466-8CD9-3D364EB4E2CF}
		{BDD46C3C-2502-4790-92A4-E87B30EC0D94} = {531CD1BD-4F8B-4139-ADA2-A6420CF1B7E7}
		{56470B61-8A65-4795-B9D1-599FBECD1694} = {531CD1BD-4F8B-4139-ADA2-A6420CF1B7E7}
		{F0BE6EFE-E311-4B61-B4B5-D45FCB3FB1A2} = {531CD1BD-4F8B-4139-ADA2-A6420CF1B7E7}
		{08ADD891-6811-470B-B263-AE8554F1C0E6} = {531CD1BD-4F8B-4139-ADA2-A6420CF1B7E7}
		{050147DA-698D-4897-A55B-8F0D07648A1B} = {F0BE6EFE-E311-4B61-B4B5-D45FCB3FB1A2}
		{7DB9A77A-8458-4709-9783-A510BC08E318} = {BDD46C3C-2502-4790-92A4-E87B30EC0D94}
		{3C167A1E-C428-45C3-8899-91622668889B} = {56470B61-8A65-4795-B9D1-599FBECD1694}
		{E36982F6-201E-41FC-99BD-B89FB528D6E8} = {531CD1BD-4F8B-4139-ADA2-A6420CF1B7E7}
		{2DE94F8F-C3AD-47C9-8602-8E4E79E33D2B} = {E36982F6-201E-41FC-99BD-B89FB528D6E8}
		{8256122F-FC5C-4D20-A66C-632F5BB8BFCC} = {BDD46C3C-2502-4790-92A4-E87B30EC0D94}
		{F54B3FFE-8B0D-45B3-84FE-7A83E9A5851F} = {56470B61-8A65-4795-B9D1-599FBECD1694}
	EndGlobalSection
	GlobalSection(ExtensibilityGlobals) = postSolution
		SolutionGuid = {A5D30B46-A554-4C2E-8865-2CC9170646BB}
	EndGlobalSection
EndGlobal
