
Microsoft Visual Studio Solution File, Format Version 12.00
# Visual Studio Version 16
VisualStudioVersion = 16.0.30204.135
MinimumVisualStudioVersion = 10.0.40219.1
Project("{2150E333-8FDC-42A3-9474-1A3956D46DE8}") = "Source", "Source", "{531CD1BD-4F8B-4139-ADA2-A6420CF1B7E7}"
EndProject
Project("{2150E333-8FDC-42A3-9474-1A3956D46DE8}") = "Tests", "Tests", "{A00D38F0-8CA0-4955-8EE5-7DF36C090B5F}"
EndProject
Project("{2150E333-8FDC-42A3-9474-1A3956D46DE8}") = "Application", "Application", "{F1904939-3E3E-4997-8E80-832B458C5574}"
EndProject
Project("{2150E333-8FDC-42A3-9474-1A3956D46DE8}") = "Core", "Core", "{5A2090D7-50C6-4010-8EE1-8A81903251FE}"
EndProject
Project("{2150E333-8FDC-42A3-9474-1A3956D46DE8}") = "PrimaryAdapters", "PrimaryAdapters", "{7FE3A138-2319-47A4-B70B-F3E1A616BF08}"
EndProject
Project("{2150E333-8FDC-42A3-9474-1A3956D46DE8}") = "SecondaryAdapters", "SecondaryAdapters", "{AB1F60A8-36EF-40D2-9400-EB22C8D0D843}"
EndProject
Project("{2150E333-8FDC-42A3-9474-1A3956D46DE8}") = "Host", "Host", "{256E8DA1-FBDD-48C4-A6FF-07A04D0DAA13}"
EndProject
Project("{2150E333-8FDC-42A3-9474-1A3956D46DE8}") = "AcceptanceTests", "AcceptanceTests", "{11CB5B43-1CCF-4E64-BAF2-B3F2D5DC93E8}"
EndProject
Project("{2150E333-8FDC-42A3-9474-1A3956D46DE8}") = "UnitTests", "UnitTests", "{2286D085-1DDB-49AC-928E-0536B7AB58B8}"
EndProject
Project("{9A19103F-16F7-4668-BE54-9A1E7A4F7556}") = "HomeSwap.Core", "Source\Application\Core\HomeSwap.BusinessRules\HomeSwap.Core.csproj", "{0941B538-664C-49D6-B5EF-7DECA63FC185}"
EndProject
Project("{FAE04EC0-301F-11D3-BF4B-00C04F79EFBC}") = "HomeSwap.Host", "Source\Host\HomeSwap.Host\HomeSwap.Host.csproj", "{99B7AF82-1D95-4A5F-9E11-0CDAAA7FE4ED}"
EndProject
Project("{2150E333-8FDC-42A3-9474-1A3956D46DE8}") = "Api", "Api", "{481F0418-E7C8-438B-8950-088F39BE0445}"
EndProject
Project("{FAE04EC0-301F-11D3-BF4B-00C04F79EFBC}") = "HomeSwap.Api", "Source\PrimaryAdapters\Api\HomeSwap.Api\HomeSwap.Api.csproj", "{092DC24E-2264-4592-9EE6-F24B1DA8864E}"
EndProject
Global
	GlobalSection(SolutionConfigurationPlatforms) = preSolution
		Debug|Any CPU = Debug|Any CPU
		Release|Any CPU = Release|Any CPU
	EndGlobalSection
	GlobalSection(ProjectConfigurationPlatforms) = postSolution
		{0941B538-664C-49D6-B5EF-7DECA63FC185}.Debug|Any CPU.ActiveCfg = Debug|Any CPU
		{0941B538-664C-49D6-B5EF-7DECA63FC185}.Debug|Any CPU.Build.0 = Debug|Any CPU
		{0941B538-664C-49D6-B5EF-7DECA63FC185}.Release|Any CPU.ActiveCfg = Release|Any CPU
		{0941B538-664C-49D6-B5EF-7DECA63FC185}.Release|Any CPU.Build.0 = Release|Any CPU
		{99B7AF82-1D95-4A5F-9E11-0CDAAA7FE4ED}.Debug|Any CPU.ActiveCfg = Debug|Any CPU
		{99B7AF82-1D95-4A5F-9E11-0CDAAA7FE4ED}.Debug|Any CPU.Build.0 = Debug|Any CPU
		{99B7AF82-1D95-4A5F-9E11-0CDAAA7FE4ED}.Release|Any CPU.ActiveCfg = Release|Any CPU
		{99B7AF82-1D95-4A5F-9E11-0CDAAA7FE4ED}.Release|Any CPU.Build.0 = Release|Any CPU
		{092DC24E-2264-4592-9EE6-F24B1DA8864E}.Debug|Any CPU.ActiveCfg = Debug|Any CPU
		{092DC24E-2264-4592-9EE6-F24B1DA8864E}.Debug|Any CPU.Build.0 = Debug|Any CPU
		{092DC24E-2264-4592-9EE6-F24B1DA8864E}.Release|Any CPU.ActiveCfg = Release|Any CPU
		{092DC24E-2264-4592-9EE6-F24B1DA8864E}.Release|Any CPU.Build.0 = Release|Any CPU
	EndGlobalSection
	GlobalSection(SolutionProperties) = preSolution
		HideSolutionNode = FALSE
	EndGlobalSection
	GlobalSection(NestedProjects) = preSolution
		{F1904939-3E3E-4997-8E80-832B458C5574} = {531CD1BD-4F8B-4139-ADA2-A6420CF1B7E7}
		{5A2090D7-50C6-4010-8EE1-8A81903251FE} = {F1904939-3E3E-4997-8E80-832B458C5574}
		{7FE3A138-2319-47A4-B70B-F3E1A616BF08} = {531CD1BD-4F8B-4139-ADA2-A6420CF1B7E7}
		{AB1F60A8-36EF-40D2-9400-EB22C8D0D843} = {531CD1BD-4F8B-4139-ADA2-A6420CF1B7E7}
		{256E8DA1-FBDD-48C4-A6FF-07A04D0DAA13} = {531CD1BD-4F8B-4139-ADA2-A6420CF1B7E7}
		{11CB5B43-1CCF-4E64-BAF2-B3F2D5DC93E8} = {A00D38F0-8CA0-4955-8EE5-7DF36C090B5F}
		{2286D085-1DDB-49AC-928E-0536B7AB58B8} = {A00D38F0-8CA0-4955-8EE5-7DF36C090B5F}
		{0941B538-664C-49D6-B5EF-7DECA63FC185} = {5A2090D7-50C6-4010-8EE1-8A81903251FE}
		{99B7AF82-1D95-4A5F-9E11-0CDAAA7FE4ED} = {256E8DA1-FBDD-48C4-A6FF-07A04D0DAA13}
		{481F0418-E7C8-438B-8950-088F39BE0445} = {7FE3A138-2319-47A4-B70B-F3E1A616BF08}
		{092DC24E-2264-4592-9EE6-F24B1DA8864E} = {481F0418-E7C8-438B-8950-088F39BE0445}
	EndGlobalSection
	GlobalSection(ExtensibilityGlobals) = postSolution
		SolutionGuid = {A5D30B46-A554-4C2E-8865-2CC9170646BB}
	EndGlobalSection
EndGlobal
